{
    "version": 3,
    "terraform_version": "0.11.11",
    "serial": 45,
    "lineage": "842b8996-81e2-df6c-5d2e-18d4fd7e4f8e",
    "modules": [
        {
            "path": [
                "root"
            ],
            "outputs": {
                "Compartment_Name": {
                    "sensitive": false,
                    "type": "string",
                    "value": "TEST11-compartment"
                },
                "IAM_Group_0_name": {
                    "sensitive": false,
                    "type": "string",
                    "value": "Administrators"
                },
                "IAM_Group_10_name": {
                    "sensitive": false,
                    "type": "string",
                    "value": "Test_NC_Testers"
                },
                "IAM_Group_1_name": {
                    "sensitive": false,
                    "type": "string",
                    "value": "NC_Admins"
                },
                "IAM_Group_2_name": {
                    "sensitive": false,
                    "type": "string",
                    "value": "NC_EnvAdmins"
                },
                "IAM_Group_3_name": {
                    "sensitive": false,
                    "type": "string",
                    "value": "NC_EnvAdmins-DT_NC_12_POC"
                },
                "IAM_Group_4_name": {
                    "sensitive": false,
                    "type": "string",
                    "value": "NC_EnvAdmins-NC.SDN.PRD.HOMORC101"
                },
                "IAM_Group_5_name": {
                    "sensitive": false,
                    "type": "string",
                    "value": "NC_NetwAdmins"
                },
                "IAM_Group_6_name": {
                    "sensitive": false,
                    "type": "string",
                    "value": "NC_Testers"
                },
                "IAM_Group_7_name": {
                    "sensitive": false,
                    "type": "string",
                    "value": "Test_NC_Admins"
                },
                "IAM_Group_8_name": {
                    "sensitive": false,
                    "type": "string",
                    "value": "Test_NC_EnvAdmins"
                },
                "IAM_Group_9_name": {
                    "sensitive": false,
                    "type": "string",
                    "value": "Test_NC_NetwAdmins"
                },
                "IPSec_connection_BackupTunnel_PSK": {
                    "sensitive": false,
                    "type": "string",
                    "value": "yHUkAraXxd0erwwsLQz8KzTRpL4GbiPwq7vAyfytRNpMiuw0FWHig6BU70vwrpb8"
                },
                "IPSec_connection_BackupTunnel_ip": {
                    "sensitive": false,
                    "type": "string",
                    "value": "129.213.6.63"
                },
                "IPSec_connection_MainTunnel_PSK": {
                    "sensitive": false,
                    "type": "string",
                    "value": "NLMebqZF0nkQvXLeRAf4ucbd1Cfm4HmXJan3A9S36CPG2xp9nnxC1QkYkUtJIJnw"
                },
                "IPSec_connection_MainTunnel_ip": {
                    "sensitive": false,
                    "type": "string",
                    "value": "129.213.7.58"
                },
                "IPSec_connection_id": {
                    "sensitive": false,
                    "type": "string",
                    "value": "ocid1.ipsecconnection.oc1.iad.aaaaaaaalncn3pqbkmvvhvvxblmhgbb57jtn7zulcc2jqpr36aqq7gdgtnta"
                }
            },
            "resources": {
                "data.oci_core_ipsec_config.test_ip_sec_connection_device_config": {
                    "type": "oci_core_ipsec_config",
                    "depends_on": [
                        "oci_core_ipsec.test_ip_sec_connection"
                    ],
                    "primary": {
                        "id": "ocid1.ipsecconnection.oc1.iad.aaaaaaaalncn3pqbkmvvhvvxblmhgbb57jtn7zulcc2jqpr36aqq7gdgtnta",
                        "attributes": {
                            "compartment_id": "ocid1.compartment.oc1..aaaaaaaadtc3zfwwlxe5lsz3oujd27ehmoa2542r6wrcc2hxpkkdwyvsdlqa",
                            "id": "ocid1.ipsecconnection.oc1.iad.aaaaaaaalncn3pqbkmvvhvvxblmhgbb57jtn7zulcc2jqpr36aqq7gdgtnta",
                            "ipsec_id": "ocid1.ipsecconnection.oc1.iad.aaaaaaaalncn3pqbkmvvhvvxblmhgbb57jtn7zulcc2jqpr36aqq7gdgtnta",
                            "time_created": "2019-02-13 12:14:31.921 +0000 UTC",
                            "tunnels.#": "2",
                            "tunnels.0.ip_address": "129.213.7.58",
                            "tunnels.0.shared_secret": "NLMebqZF0nkQvXLeRAf4ucbd1Cfm4HmXJan3A9S36CPG2xp9nnxC1QkYkUtJIJnw",
                            "tunnels.0.time_created": "2019-02-13 12:14:42.238 +0000 UTC",
                            "tunnels.1.ip_address": "129.213.6.63",
                            "tunnels.1.shared_secret": "yHUkAraXxd0erwwsLQz8KzTRpL4GbiPwq7vAyfytRNpMiuw0FWHig6BU70vwrpb8",
                            "tunnels.1.time_created": "2019-02-13 12:14:42.23 +0000 UTC"
                        },
                        "meta": {},
                        "tainted": false
                    },
                    "deposed": [],
                    "provider": "provider.oci"
                },
                "data.oci_identity_compartment.test_compartment": {
                    "type": "oci_identity_compartment",
                    "depends_on": [
                        "oci_identity_compartment.test_compartment"
                    ],
                    "primary": {
                        "id": "ocid1.compartment.oc1..aaaaaaaadtc3zfwwlxe5lsz3oujd27ehmoa2542r6wrcc2hxpkkdwyvsdlqa",
                        "attributes": {
                            "compartment_id": "ocid1.tenancy.oc1..aaaaaaaayatoimpt7mrivhahmvrukyrramonxanmwiyciihnvojorcn7p5ea",
                            "defined_tags.%": "1",
                            "defined_tags.netcloud01.GPCode": "NC.ENG.IT.VPN.TEST",
                            "description": "temp_TEST_compartment",
                            "freeform_tags.%": "0",
                            "id": "ocid1.compartment.oc1..aaaaaaaadtc3zfwwlxe5lsz3oujd27ehmoa2542r6wrcc2hxpkkdwyvsdlqa",
                            "name": "TEST11-compartment",
                            "state": "ACTIVE",
                            "time_created": "2019-02-13 12:14:08.848 +0000 UTC"
                        },
                        "meta": {},
                        "tainted": false
                    },
                    "deposed": [],
                    "provider": "provider.oci"
                },
                "data.oci_identity_groups.test_groups": {
                    "type": "oci_identity_groups",
                    "depends_on": [],
                    "primary": {
                        "id": "2019-02-13 20:44:31.0500261 +0000 UTC",
                        "attributes": {
                            "compartment_id": "ocid1.tenancy.oc1..aaaaaaaayatoimpt7mrivhahmvrukyrramonxanmwiyciihnvojorcn7p5ea",
                            "groups.#": "11",
                            "groups.0.compartment_id": "ocid1.tenancy.oc1..aaaaaaaayatoimpt7mrivhahmvrukyrramonxanmwiyciihnvojorcn7p5ea",
                            "groups.0.defined_tags.%": "0",
                            "groups.0.description": "Administrators",
                            "groups.0.freeform_tags.%": "0",
                            "groups.0.id": "ocid1.group.oc1..aaaaaaaaojg6o45un57nfzdzibjbvobbkluydutlo6n7sub6sonherahrn2q",
                            "groups.0.inactive_state": "",
                            "groups.0.name": "Administrators",
                            "groups.0.state": "ACTIVE",
                            "groups.0.time_created": "2018-04-24 18:32:02.905 +0000 UTC",
                            "groups.0.time_modified": "",
                            "groups.1.compartment_id": "ocid1.tenancy.oc1..aaaaaaaayatoimpt7mrivhahmvrukyrramonxanmwiyciihnvojorcn7p5ea",
                            "groups.1.defined_tags.%": "0",
                            "groups.1.description": "Account Admins (full rights)",
                            "groups.1.freeform_tags.%": "0",
                            "groups.1.id": "ocid1.group.oc1..aaaaaaaaytkbzzh6bg27yjdapwxzlh6x2koo77sn6b5bslqyfrq4tbqkcszq",
                            "groups.1.inactive_state": "",
                            "groups.1.name": "NC_Admins",
                            "groups.1.state": "ACTIVE",
                            "groups.1.time_created": "2018-10-26 11:14:02.728 +0000 UTC",
                            "groups.1.time_modified": "",
                            "groups.10.compartment_id": "ocid1.tenancy.oc1..aaaaaaaayatoimpt7mrivhahmvrukyrramonxanmwiyciihnvojorcn7p5ea",
                            "groups.10.defined_tags.%": "1",
                            "groups.10.defined_tags.netcloud01.GPCode": "NC.ENG.IT.VPN.TEST",
                            "groups.10.description": "Test_NC_Testers IAM Group NC_Testers",
                            "groups.10.freeform_tags.%": "0",
                            "groups.10.id": "ocid1.group.oc1..aaaaaaaafmsulqadiveceqdner2ippjxktrg7j3oi6zl6hnubiqfts6c2jba",
                            "groups.10.inactive_state": "",
                            "groups.10.name": "Test_NC_Testers",
                            "groups.10.state": "ACTIVE",
                            "groups.10.time_created": "2019-02-13 12:22:22.391 +0000 UTC",
                            "groups.10.time_modified": "",
                            "groups.2.compartment_id": "ocid1.tenancy.oc1..aaaaaaaayatoimpt7mrivhahmvrukyrramonxanmwiyciihnvojorcn7p5ea",
                            "groups.2.defined_tags.%": "0",
                            "groups.2.description": "Developers",
                            "groups.2.freeform_tags.%": "0",
                            "groups.2.id": "ocid1.group.oc1..aaaaaaaar5xjo7bs2of54ashdeebpcf2gmeevz7sdeh65jrq5xax5tjhu5nq",
                            "groups.2.inactive_state": "",
                            "groups.2.name": "NC_EnvAdmins",
                            "groups.2.state": "ACTIVE",
                            "groups.2.time_created": "2018-10-26 11:14:40.94 +0000 UTC",
                            "groups.2.time_modified": "",
                            "groups.3.compartment_id": "ocid1.tenancy.oc1..aaaaaaaayatoimpt7mrivhahmvrukyrramonxanmwiyciihnvojorcn7p5ea",
                            "groups.3.defined_tags.%": "0",
                            "groups.3.description": "Group created during federation",
                            "groups.3.freeform_tags.%": "0",
                            "groups.3.id": "ocid1.group.oc1..aaaaaaaaermo3fejq2jb6457ik4es4lk7dxwyxhy7awj5tplolyxwyr2mu6a",
                            "groups.3.inactive_state": "",
                            "groups.3.name": "NC_EnvAdmins-DT_NC_12_POC",
                            "groups.3.state": "ACTIVE",
                            "groups.3.time_created": "2018-11-22 15:02:24.552 +0000 UTC",
                            "groups.3.time_modified": "",
                            "groups.4.compartment_id": "ocid1.tenancy.oc1..aaaaaaaayatoimpt7mrivhahmvrukyrramonxanmwiyciihnvojorcn7p5ea",
                            "groups.4.defined_tags.%": "0",
                            "groups.4.description": "[Oracle Cloud] MANO DR testing environment",
                            "groups.4.freeform_tags.%": "0",
                            "groups.4.id": "ocid1.group.oc1..aaaaaaaanjvq42f7vwdkiiy5lirhahhonquzl5h7qmutzzwhdkqu66r7mxwa",
                            "groups.4.inactive_state": "",
                            "groups.4.name": "NC_EnvAdmins-NC.SDN.PRD.HOMORC101",
                            "groups.4.state": "ACTIVE",
                            "groups.4.time_created": "2018-11-26 13:28:03.982 +0000 UTC",
                            "groups.4.time_modified": "",
                            "groups.5.compartment_id": "ocid1.tenancy.oc1..aaaaaaaayatoimpt7mrivhahmvrukyrramonxanmwiyciihnvojorcn7p5ea",
                            "groups.5.defined_tags.%": "0",
                            "groups.5.description": "NetworkAdministrators",
                            "groups.5.freeform_tags.%": "0",
                            "groups.5.id": "ocid1.group.oc1..aaaaaaaaecxabe4axich2ajybaqu4fpvsz22d5ymjyumw54ptxohmkblys5q",
                            "groups.5.inactive_state": "",
                            "groups.5.name": "NC_NetwAdmins",
                            "groups.5.state": "ACTIVE",
                            "groups.5.time_created": "2018-10-26 11:14:56.54 +0000 UTC",
                            "groups.5.time_modified": "",
                            "groups.6.compartment_id": "ocid1.tenancy.oc1..aaaaaaaayatoimpt7mrivhahmvrukyrramonxanmwiyciihnvojorcn7p5ea",
                            "groups.6.defined_tags.%": "0",
                            "groups.6.description": "Testers",
                            "groups.6.freeform_tags.%": "0",
                            "groups.6.id": "ocid1.group.oc1..aaaaaaaa5acdnaqifvaxixi5o5rocnnwh6hflprk7umfqbrcaud3evulpy2a",
                            "groups.6.inactive_state": "",
                            "groups.6.name": "NC_Testers",
                            "groups.6.state": "ACTIVE",
                            "groups.6.time_created": "2018-10-26 11:15:10.729 +0000 UTC",
                            "groups.6.time_modified": "",
                            "groups.7.compartment_id": "ocid1.tenancy.oc1..aaaaaaaayatoimpt7mrivhahmvrukyrramonxanmwiyciihnvojorcn7p5ea",
                            "groups.7.defined_tags.%": "1",
                            "groups.7.defined_tags.netcloud01.GPCode": "NC.ENG.IT.VPN.TEST",
                            "groups.7.description": "Test_NC_Admins IAM Group NC_Admins",
                            "groups.7.freeform_tags.%": "0",
                            "groups.7.id": "ocid1.group.oc1..aaaaaaaadrf3dahdi7dqdfv2faibt5xbsdch3vu6p3e4ln7rfhkd4ohxfwrq",
                            "groups.7.inactive_state": "",
                            "groups.7.name": "Test_NC_Admins",
                            "groups.7.state": "ACTIVE",
                            "groups.7.time_created": "2019-02-13 12:22:22.253 +0000 UTC",
                            "groups.7.time_modified": "",
                            "groups.8.compartment_id": "ocid1.tenancy.oc1..aaaaaaaayatoimpt7mrivhahmvrukyrramonxanmwiyciihnvojorcn7p5ea",
                            "groups.8.defined_tags.%": "1",
                            "groups.8.defined_tags.netcloud01.GPCode": "NC.ENG.IT.VPN.TEST",
                            "groups.8.description": "Test_NC_EnvAdmins IAM Group NC_EnvAdmins",
                            "groups.8.freeform_tags.%": "0",
                            "groups.8.id": "ocid1.group.oc1..aaaaaaaasvc3nowp4hfgsutad4e333zgqjoawobvs27idvfb7x3xoajt623q",
                            "groups.8.inactive_state": "",
                            "groups.8.name": "Test_NC_EnvAdmins",
                            "groups.8.state": "ACTIVE",
                            "groups.8.time_created": "2019-02-13 12:22:22.322 +0000 UTC",
                            "groups.8.time_modified": "",
                            "groups.9.compartment_id": "ocid1.tenancy.oc1..aaaaaaaayatoimpt7mrivhahmvrukyrramonxanmwiyciihnvojorcn7p5ea",
                            "groups.9.defined_tags.%": "1",
                            "groups.9.defined_tags.netcloud01.GPCode": "NC.ENG.IT.VPN.TEST",
                            "groups.9.description": "Test_NC_NetwAdmins IAM Group NC_NetwAdmins",
                            "groups.9.freeform_tags.%": "0",
                            "groups.9.id": "ocid1.group.oc1..aaaaaaaastcl5pidftj5pl6onyuhtw3mshpxohxqskgfdtpfu2wuem3adbua",
                            "groups.9.inactive_state": "",
                            "groups.9.name": "Test_NC_NetwAdmins",
                            "groups.9.state": "ACTIVE",
                            "groups.9.time_created": "2019-02-13 12:22:22.502 +0000 UTC",
                            "groups.9.time_modified": "",
                            "id": "2019-02-13 20:44:31.0500261 +0000 UTC"
                        },
                        "meta": {},
                        "tainted": false
                    },
                    "deposed": [],
                    "provider": "provider.oci"
                },
                "oci_core_cpe.test_cpe": {
                    "type": "oci_core_cpe",
                    "depends_on": [
                        "oci_identity_compartment.test_compartment"
                    ],
                    "primary": {
                        "id": "ocid1.cpe.oc1.iad.aaaaaaaa7z6bmj2kyljn3jzqv4i3jvvpqdmyx2posstmofztsunobckwcl3a",
                        "attributes": {
                            "compartment_id": "ocid1.compartment.oc1..aaaaaaaadtc3zfwwlxe5lsz3oujd27ehmoa2542r6wrcc2hxpkkdwyvsdlqa",
                            "defined_tags.%": "1",
                            "defined_tags.netcloud01.GPCode": "NC.ENG.IT.VPN.TEST",
                            "display_name": "test-CPE",
                            "freeform_tags.%": "0",
                            "id": "ocid1.cpe.oc1.iad.aaaaaaaa7z6bmj2kyljn3jzqv4i3jvvpqdmyx2posstmofztsunobckwcl3a",
                            "ip_address": "1.1.1.1",
                            "time_created": "2019-02-13 12:14:16.642 +0000 UTC"
                        },
                        "meta": {
                            "e2bfb730-ecaa-11e6-8f88-34363bc7c4c0": {
                                "create": 900000000000,
                                "delete": 900000000000,
                                "update": 900000000000
                            }
                        },
                        "tainted": false
                    },
                    "deposed": [],
                    "provider": "provider.oci"
                },
                "oci_core_dhcp_options.test_dhcp_options": {
                    "type": "oci_core_dhcp_options",
                    "depends_on": [
                        "oci_core_vcn.test_vcn",
                        "oci_identity_compartment.test_compartment"
                    ],
                    "primary": {
                        "id": "ocid1.dhcpoptions.oc1.iad.aaaaaaaamojudurx4ij4tarhpzaytm7rppbivtadm4fh7iq5cqovmhxa6loa",
                        "attributes": {
                            "compartment_id": "ocid1.compartment.oc1..aaaaaaaadtc3zfwwlxe5lsz3oujd27ehmoa2542r6wrcc2hxpkkdwyvsdlqa",
                            "defined_tags.%": "1",
                            "defined_tags.netcloud01.GPCode": "NC.ENG.IT.VPN.TEST",
                            "display_name": "TEST-DHCP",
                            "freeform_tags.%": "0",
                            "id": "ocid1.dhcpoptions.oc1.iad.aaaaaaaamojudurx4ij4tarhpzaytm7rppbivtadm4fh7iq5cqovmhxa6loa",
                            "options.#": "2",
                            "options.0.custom_dns_servers.#": "2",
                            "options.0.custom_dns_servers.0": "10.112.1.1",
                            "options.0.custom_dns_servers.1": "10.112.1.1",
                            "options.0.search_domain_names.#": "0",
                            "options.0.server_type": "CustomDnsServer",
                            "options.0.type": "DomainNameServer",
                            "options.1.custom_dns_servers.#": "0",
                            "options.1.search_domain_names.#": "1",
                            "options.1.search_domain_names.0": "netcracker.com",
                            "options.1.server_type": "",
                            "options.1.type": "SearchDomain",
                            "state": "AVAILABLE",
                            "time_created": "2019-02-13 12:14:17.362 +0000 UTC",
                            "vcn_id": "ocid1.vcn.oc1.iad.aaaaaaaaq5sax2xduaqaj5jrx5yjrgkehwudworz6vqkz2p3f7fvyszhmoda"
                        },
                        "meta": {
                            "e2bfb730-ecaa-11e6-8f88-34363bc7c4c0": {
                                "create": 900000000000,
                                "delete": 900000000000,
                                "update": 900000000000
                            }
                        },
                        "tainted": false
                    },
                    "deposed": [],
                    "provider": "provider.oci"
                },
                "oci_core_drg.test_drg": {
                    "type": "oci_core_drg",
                    "depends_on": [
                        "oci_identity_compartment.test_compartment"
                    ],
                    "primary": {
                        "id": "ocid1.drg.oc1.iad.aaaaaaaa5vtf4s3gwvoqontzdfv4b3h6xhbyex5suhmkgm4tcioqepiwpogq",
                        "attributes": {
                            "compartment_id": "ocid1.compartment.oc1..aaaaaaaadtc3zfwwlxe5lsz3oujd27ehmoa2542r6wrcc2hxpkkdwyvsdlqa",
                            "defined_tags.%": "1",
                            "defined_tags.netcloud01.GPCode": "NC.ENG.IT.VPN.TEST",
                            "display_name": "test-DRG",
                            "freeform_tags.%": "0",
                            "id": "ocid1.drg.oc1.iad.aaaaaaaa5vtf4s3gwvoqontzdfv4b3h6xhbyex5suhmkgm4tcioqepiwpogq",
                            "state": "AVAILABLE",
                            "time_created": "2019-02-13 12:14:16.814 +0000 UTC"
                        },
                        "meta": {
                            "e2bfb730-ecaa-11e6-8f88-34363bc7c4c0": {
                                "create": 900000000000,
                                "delete": 900000000000,
                                "update": 900000000000
                            }
                        },
                        "tainted": false
                    },
                    "deposed": [],
                    "provider": "provider.oci"
                },
                "oci_core_drg_attachment.test_drg_attachment": {
                    "type": "oci_core_drg_attachment",
                    "depends_on": [
                        "oci_core_drg.test_drg",
                        "oci_core_vcn.test_vcn"
                    ],
                    "primary": {
                        "id": "ocid1.drgattachment.oc1.iad.aaaaaaaalq3j5vgorcrxkybcwj3ccwlmxk2xu2f6aixaqdtn3aztlziutqcq",
                        "attributes": {
                            "compartment_id": "ocid1.compartment.oc1..aaaaaaaadtc3zfwwlxe5lsz3oujd27ehmoa2542r6wrcc2hxpkkdwyvsdlqa",
                            "display_name": "test-DRG-attachment",
                            "drg_id": "ocid1.drg.oc1.iad.aaaaaaaa5vtf4s3gwvoqontzdfv4b3h6xhbyex5suhmkgm4tcioqepiwpogq",
                            "id": "ocid1.drgattachment.oc1.iad.aaaaaaaalq3j5vgorcrxkybcwj3ccwlmxk2xu2f6aixaqdtn3aztlziutqcq",
                            "state": "ATTACHED",
                            "time_created": "2019-02-13 12:14:33.213 +0000 UTC",
                            "vcn_id": "ocid1.vcn.oc1.iad.aaaaaaaaq5sax2xduaqaj5jrx5yjrgkehwudworz6vqkz2p3f7fvyszhmoda"
                        },
                        "meta": {
                            "e2bfb730-ecaa-11e6-8f88-34363bc7c4c0": {
                                "create": 900000000000,
                                "delete": 900000000000,
                                "update": 900000000000
                            }
                        },
                        "tainted": false
                    },
                    "deposed": [],
                    "provider": "provider.oci"
                },
                "oci_core_ipsec.test_ip_sec_connection": {
                    "type": "oci_core_ipsec",
                    "depends_on": [
                        "oci_core_cpe.test_cpe",
                        "oci_core_drg.test_drg",
                        "oci_identity_compartment.test_compartment"
                    ],
                    "primary": {
                        "id": "ocid1.ipsecconnection.oc1.iad.aaaaaaaalncn3pqbkmvvhvvxblmhgbb57jtn7zulcc2jqpr36aqq7gdgtnta",
                        "attributes": {
                            "compartment_id": "ocid1.compartment.oc1..aaaaaaaadtc3zfwwlxe5lsz3oujd27ehmoa2542r6wrcc2hxpkkdwyvsdlqa",
                            "cpe_id": "ocid1.cpe.oc1.iad.aaaaaaaa7z6bmj2kyljn3jzqv4i3jvvpqdmyx2posstmofztsunobckwcl3a",
                            "defined_tags.%": "1",
                            "defined_tags.netcloud01.GPCode": "NC.ENG.IT.VPN.TEST",
                            "display_name": "Test-IPSec-Connection",
                            "drg_id": "ocid1.drg.oc1.iad.aaaaaaaa5vtf4s3gwvoqontzdfv4b3h6xhbyex5suhmkgm4tcioqepiwpogq",
                            "freeform_tags.%": "0",
                            "id": "ocid1.ipsecconnection.oc1.iad.aaaaaaaalncn3pqbkmvvhvvxblmhgbb57jtn7zulcc2jqpr36aqq7gdgtnta",
                            "state": "AVAILABLE",
                            "static_routes.#": "1",
                            "static_routes.0": "0.0.0.0/0",
                            "time_created": "2019-02-13 12:14:31.921 +0000 UTC"
                        },
                        "meta": {
                            "e2bfb730-ecaa-11e6-8f88-34363bc7c4c0": {
                                "create": 600000000000,
                                "delete": 600000000000,
                                "update": 600000000000
                            }
                        },
                        "tainted": false
                    },
                    "deposed": [],
                    "provider": "provider.oci"
                },
                "oci_core_route_table.test_route_table": {
                    "type": "oci_core_route_table",
                    "depends_on": [
                        "oci_core_drg.test_drg",
                        "oci_core_vcn.test_vcn",
                        "oci_identity_compartment.test_compartment"
                    ],
                    "primary": {
                        "id": "ocid1.routetable.oc1.iad.aaaaaaaatxk6k6lyps5lqcli6bcjtwmficl4hy3xbvubpg5pvsu2qgb7dbca",
                        "attributes": {
                            "compartment_id": "ocid1.compartment.oc1..aaaaaaaadtc3zfwwlxe5lsz3oujd27ehmoa2542r6wrcc2hxpkkdwyvsdlqa",
                            "defined_tags.%": "1",
                            "defined_tags.netcloud01.GPCode": "NC.ENG.IT.VPN.TEST",
                            "display_name": "TEST-RT-1",
                            "freeform_tags.%": "0",
                            "id": "ocid1.routetable.oc1.iad.aaaaaaaatxk6k6lyps5lqcli6bcjtwmficl4hy3xbvubpg5pvsu2qgb7dbca",
                            "route_rules.#": "1",
                            "route_rules.2637892317.cidr_block": "0.0.0.0/0",
                            "route_rules.2637892317.destination": "0.0.0.0/0",
                            "route_rules.2637892317.destination_type": "CIDR_BLOCK",
                            "route_rules.2637892317.network_entity_id": "ocid1.drg.oc1.iad.aaaaaaaa5vtf4s3gwvoqontzdfv4b3h6xhbyex5suhmkgm4tcioqepiwpogq",
                            "state": "AVAILABLE",
                            "time_created": "2019-02-13 12:14:32.483 +0000 UTC",
                            "vcn_id": "ocid1.vcn.oc1.iad.aaaaaaaaq5sax2xduaqaj5jrx5yjrgkehwudworz6vqkz2p3f7fvyszhmoda"
                        },
                        "meta": {
                            "e2bfb730-ecaa-11e6-8f88-34363bc7c4c0": {
                                "create": 900000000000,
                                "delete": 900000000000,
                                "update": 900000000000
                            }
                        },
                        "tainted": false
                    },
                    "deposed": [],
                    "provider": "provider.oci"
                },
                "oci_core_subnet.test_subnet.0": {
                    "type": "oci_core_subnet",
                    "depends_on": [
                        "oci_core_dhcp_options.test_dhcp_options",
                        "oci_core_route_table.test_route_table",
                        "oci_core_vcn.test_vcn",
                        "oci_identity_compartment.test_compartment"
                    ],
                    "primary": {
                        "id": "ocid1.subnet.oc1.iad.aaaaaaaainbrbo6n55q4oil7tgoq3cr43vgtw7flk2zvuh6dkp27srgukddq",
                        "attributes": {
                            "availability_domain": "tLwk:US-ASHBURN-AD-1",
                            "cidr_block": "172.31.1.0/24",
                            "compartment_id": "ocid1.compartment.oc1..aaaaaaaadtc3zfwwlxe5lsz3oujd27ehmoa2542r6wrcc2hxpkkdwyvsdlqa",
                            "defined_tags.%": "1",
                            "defined_tags.netcloud01.GPCode": "NC.ENG.IT.VPN.TEST",
                            "dhcp_options_id": "ocid1.dhcpoptions.oc1.iad.aaaaaaaamojudurx4ij4tarhpzaytm7rppbivtadm4fh7iq5cqovmhxa6loa",
                            "display_name": "test-subnet-172.31.1.0/24",
                            "freeform_tags.%": "0",
                            "id": "ocid1.subnet.oc1.iad.aaaaaaaainbrbo6n55q4oil7tgoq3cr43vgtw7flk2zvuh6dkp27srgukddq",
                            "prohibit_public_ip_on_vnic": "false",
                            "route_table_id": "ocid1.routetable.oc1.iad.aaaaaaaatxk6k6lyps5lqcli6bcjtwmficl4hy3xbvubpg5pvsu2qgb7dbca",
                            "security_list_ids.#": "1",
                            "security_list_ids.683153385": "ocid1.securitylist.oc1.iad.aaaaaaaagamufd4l6dlvdbjk3guoboah5bdqavdn3nqpzjkpd6l26ilvistq",
                            "state": "AVAILABLE",
                            "time_created": "2019-02-13 12:14:34.29 +0000 UTC",
                            "vcn_id": "ocid1.vcn.oc1.iad.aaaaaaaaq5sax2xduaqaj5jrx5yjrgkehwudworz6vqkz2p3f7fvyszhmoda",
                            "virtual_router_ip": "172.31.1.1",
                            "virtual_router_mac": "00:00:17:AE:C5:6E"
                        },
                        "meta": {
                            "e2bfb730-ecaa-11e6-8f88-34363bc7c4c0": {
                                "create": 900000000000,
                                "delete": 900000000000,
                                "update": 900000000000
                            }
                        },
                        "tainted": false
                    },
                    "deposed": [],
                    "provider": "provider.oci"
                },
                "oci_core_subnet.test_subnet.1": {
                    "type": "oci_core_subnet",
                    "depends_on": [
                        "oci_core_dhcp_options.test_dhcp_options",
                        "oci_core_route_table.test_route_table",
                        "oci_core_vcn.test_vcn",
                        "oci_identity_compartment.test_compartment"
                    ],
                    "primary": {
                        "id": "ocid1.subnet.oc1.iad.aaaaaaaahbynjk3zgk3yknu4umjeeezw3s5j5nlfjavu2krkudlad7mzgnma",
                        "attributes": {
                            "availability_domain": "tLwk:US-ASHBURN-AD-2",
                            "cidr_block": "172.31.2.0/24",
                            "compartment_id": "ocid1.compartment.oc1..aaaaaaaadtc3zfwwlxe5lsz3oujd27ehmoa2542r6wrcc2hxpkkdwyvsdlqa",
                            "defined_tags.%": "1",
                            "defined_tags.netcloud01.GPCode": "NC.ENG.IT.VPN.TEST",
                            "dhcp_options_id": "ocid1.dhcpoptions.oc1.iad.aaaaaaaamojudurx4ij4tarhpzaytm7rppbivtadm4fh7iq5cqovmhxa6loa",
                            "display_name": "test-subnet-172.31.2.0/24",
                            "freeform_tags.%": "0",
                            "id": "ocid1.subnet.oc1.iad.aaaaaaaahbynjk3zgk3yknu4umjeeezw3s5j5nlfjavu2krkudlad7mzgnma",
                            "prohibit_public_ip_on_vnic": "false",
                            "route_table_id": "ocid1.routetable.oc1.iad.aaaaaaaatxk6k6lyps5lqcli6bcjtwmficl4hy3xbvubpg5pvsu2qgb7dbca",
                            "security_list_ids.#": "1",
                            "security_list_ids.683153385": "ocid1.securitylist.oc1.iad.aaaaaaaagamufd4l6dlvdbjk3guoboah5bdqavdn3nqpzjkpd6l26ilvistq",
                            "state": "AVAILABLE",
                            "time_created": "2019-02-13 12:14:34.156 +0000 UTC",
                            "vcn_id": "ocid1.vcn.oc1.iad.aaaaaaaaq5sax2xduaqaj5jrx5yjrgkehwudworz6vqkz2p3f7fvyszhmoda",
                            "virtual_router_ip": "172.31.2.1",
                            "virtual_router_mac": "00:00:17:AE:C5:6E"
                        },
                        "meta": {
                            "e2bfb730-ecaa-11e6-8f88-34363bc7c4c0": {
                                "create": 900000000000,
                                "delete": 900000000000,
                                "update": 900000000000
                            }
                        },
                        "tainted": false
                    },
                    "deposed": [],
                    "provider": "provider.oci"
                },
                "oci_core_subnet.test_subnet.2": {
                    "type": "oci_core_subnet",
                    "depends_on": [
                        "oci_core_dhcp_options.test_dhcp_options",
                        "oci_core_route_table.test_route_table",
                        "oci_core_vcn.test_vcn",
                        "oci_identity_compartment.test_compartment"
                    ],
                    "primary": {
                        "id": "ocid1.subnet.oc1.iad.aaaaaaaacq35iegzcovhpti54i3yjevznhtxwf3mik5h6puo4m7abqk45jbq",
                        "attributes": {
                            "availability_domain": "tLwk:US-ASHBURN-AD-3",
                            "cidr_block": "172.31.3.0/24",
                            "compartment_id": "ocid1.compartment.oc1..aaaaaaaadtc3zfwwlxe5lsz3oujd27ehmoa2542r6wrcc2hxpkkdwyvsdlqa",
                            "defined_tags.%": "1",
                            "defined_tags.netcloud01.GPCode": "NC.ENG.IT.VPN.TEST",
                            "dhcp_options_id": "ocid1.dhcpoptions.oc1.iad.aaaaaaaamojudurx4ij4tarhpzaytm7rppbivtadm4fh7iq5cqovmhxa6loa",
                            "display_name": "test-subnet-172.31.3.0/24",
                            "freeform_tags.%": "0",
                            "id": "ocid1.subnet.oc1.iad.aaaaaaaacq35iegzcovhpti54i3yjevznhtxwf3mik5h6puo4m7abqk45jbq",
                            "prohibit_public_ip_on_vnic": "false",
                            "route_table_id": "ocid1.routetable.oc1.iad.aaaaaaaatxk6k6lyps5lqcli6bcjtwmficl4hy3xbvubpg5pvsu2qgb7dbca",
                            "security_list_ids.#": "1",
                            "security_list_ids.683153385": "ocid1.securitylist.oc1.iad.aaaaaaaagamufd4l6dlvdbjk3guoboah5bdqavdn3nqpzjkpd6l26ilvistq",
                            "state": "AVAILABLE",
                            "time_created": "2019-02-13 12:14:33.078 +0000 UTC",
                            "vcn_id": "ocid1.vcn.oc1.iad.aaaaaaaaq5sax2xduaqaj5jrx5yjrgkehwudworz6vqkz2p3f7fvyszhmoda",
                            "virtual_router_ip": "172.31.3.1",
                            "virtual_router_mac": "00:00:17:AE:C5:6E"
                        },
                        "meta": {
                            "e2bfb730-ecaa-11e6-8f88-34363bc7c4c0": {
                                "create": 900000000000,
                                "delete": 900000000000,
                                "update": 900000000000
                            }
                        },
                        "tainted": false
                    },
                    "deposed": [],
                    "provider": "provider.oci"
                },
                "oci_core_vcn.test_vcn": {
                    "type": "oci_core_vcn",
                    "depends_on": [
                        "oci_identity_compartment.test_compartment"
                    ],
                    "primary": {
                        "id": "ocid1.vcn.oc1.iad.aaaaaaaaq5sax2xduaqaj5jrx5yjrgkehwudworz6vqkz2p3f7fvyszhmoda",
                        "attributes": {
                            "cidr_block": "172.31.0.0/16",
                            "compartment_id": "ocid1.compartment.oc1..aaaaaaaadtc3zfwwlxe5lsz3oujd27ehmoa2542r6wrcc2hxpkkdwyvsdlqa",
                            "default_dhcp_options_id": "ocid1.dhcpoptions.oc1.iad.aaaaaaaasuxrfc7xi77ebiaovosnmzxl32m4vzshm3fekb53tivnx6pwo5vq",
                            "default_route_table_id": "ocid1.routetable.oc1.iad.aaaaaaaagkl4lswh767swrdl3cbkhb46meyubtsqbb3efb5e3534qum73uxa",
                            "default_security_list_id": "ocid1.securitylist.oc1.iad.aaaaaaaagamufd4l6dlvdbjk3guoboah5bdqavdn3nqpzjkpd6l26ilvistq",
                            "defined_tags.%": "1",
                            "defined_tags.netcloud01.GPCode": "NC.ENG.IT.VPN.TEST",
                            "display_name": "vcn-oracle-NEW-VCN-ashburn-1",
                            "freeform_tags.%": "0",
                            "id": "ocid1.vcn.oc1.iad.aaaaaaaaq5sax2xduaqaj5jrx5yjrgkehwudworz6vqkz2p3f7fvyszhmoda",
                            "state": "AVAILABLE",
                            "time_created": "2019-02-13 12:14:16.67 +0000 UTC"
                        },
                        "meta": {
                            "e2bfb730-ecaa-11e6-8f88-34363bc7c4c0": {
                                "create": 900000000000,
                                "delete": 900000000000,
                                "update": 900000000000
                            }
                        },
                        "tainted": false
                    },
                    "deposed": [],
                    "provider": "provider.oci"
                },
                "oci_identity_compartment.test_compartment": {
                    "type": "oci_identity_compartment",
                    "depends_on": [
                        "oci_identity_compartment.test_compartment"
                    ],
                    "primary": {
                        "id": "ocid1.compartment.oc1..aaaaaaaadtc3zfwwlxe5lsz3oujd27ehmoa2542r6wrcc2hxpkkdwyvsdlqa",
                        "attributes": {
                            "compartment_id": "ocid1.tenancy.oc1..aaaaaaaayatoimpt7mrivhahmvrukyrramonxanmwiyciihnvojorcn7p5ea",
                            "defined_tags.%": "1",
                            "defined_tags.netcloud01.GPCode": "NC.ENG.IT.VPN.TEST",
                            "description": "temp_TEST_compartment",
                            "freeform_tags.%": "0",
                            "id": "ocid1.compartment.oc1..aaaaaaaadtc3zfwwlxe5lsz3oujd27ehmoa2542r6wrcc2hxpkkdwyvsdlqa",
                            "name": "TEST11-compartment",
                            "state": "ACTIVE",
                            "time_created": "2019-02-13 12:14:08.848 +0000 UTC"
                        },
                        "meta": {
                            "e2bfb730-ecaa-11e6-8f88-34363bc7c4c0": {
                                "delete": 5400000000000
                            }
                        },
                        "tainted": false
                    },
                    "deposed": [],
                    "provider": "provider.oci"
                },
                "oci_identity_group.test_group.0": {
                    "type": "oci_identity_group",
                    "depends_on": [],
                    "primary": {
                        "id": "ocid1.group.oc1..aaaaaaaadrf3dahdi7dqdfv2faibt5xbsdch3vu6p3e4ln7rfhkd4ohxfwrq",
                        "attributes": {
                            "compartment_id": "ocid1.tenancy.oc1..aaaaaaaayatoimpt7mrivhahmvrukyrramonxanmwiyciihnvojorcn7p5ea",
                            "defined_tags.%": "1",
                            "defined_tags.netcloud01.GPCode": "NC.ENG.IT.VPN.TEST",
                            "description": "Test_NC_Admins IAM Group NC_Admins",
                            "freeform_tags.%": "0",
                            "id": "ocid1.group.oc1..aaaaaaaadrf3dahdi7dqdfv2faibt5xbsdch3vu6p3e4ln7rfhkd4ohxfwrq",
                            "name": "Test_NC_Admins",
                            "state": "ACTIVE",
                            "time_created": "2019-02-13 12:22:22.253 +0000 UTC"
                        },
                        "meta": {
                            "e2bfb730-ecaa-11e6-8f88-34363bc7c4c0": {
                                "create": 900000000000,
                                "delete": 900000000000,
                                "update": 900000000000
                            }
                        },
                        "tainted": false
                    },
                    "deposed": [],
                    "provider": "provider.oci"
                },
                "oci_identity_group.test_group.1": {
                    "type": "oci_identity_group",
                    "depends_on": [],
                    "primary": {
                        "id": "ocid1.group.oc1..aaaaaaaastcl5pidftj5pl6onyuhtw3mshpxohxqskgfdtpfu2wuem3adbua",
                        "attributes": {
                            "compartment_id": "ocid1.tenancy.oc1..aaaaaaaayatoimpt7mrivhahmvrukyrramonxanmwiyciihnvojorcn7p5ea",
                            "defined_tags.%": "1",
                            "defined_tags.netcloud01.GPCode": "NC.ENG.IT.VPN.TEST",
                            "description": "Test_NC_NetwAdmins IAM Group NC_NetwAdmins",
                            "freeform_tags.%": "0",
                            "id": "ocid1.group.oc1..aaaaaaaastcl5pidftj5pl6onyuhtw3mshpxohxqskgfdtpfu2wuem3adbua",
                            "name": "Test_NC_NetwAdmins",
                            "state": "ACTIVE",
                            "time_created": "2019-02-13 12:22:22.502 +0000 UTC"
                        },
                        "meta": {
                            "e2bfb730-ecaa-11e6-8f88-34363bc7c4c0": {
                                "create": 900000000000,
                                "delete": 900000000000,
                                "update": 900000000000
                            }
                        },
                        "tainted": false
                    },
                    "deposed": [],
                    "provider": "provider.oci"
                },
                "oci_identity_group.test_group.2": {
                    "type": "oci_identity_group",
                    "depends_on": [],
                    "primary": {
                        "id": "ocid1.group.oc1..aaaaaaaasvc3nowp4hfgsutad4e333zgqjoawobvs27idvfb7x3xoajt623q",
                        "attributes": {
                            "compartment_id": "ocid1.tenancy.oc1..aaaaaaaayatoimpt7mrivhahmvrukyrramonxanmwiyciihnvojorcn7p5ea",
                            "defined_tags.%": "1",
                            "defined_tags.netcloud01.GPCode": "NC.ENG.IT.VPN.TEST",
                            "description": "Test_NC_EnvAdmins IAM Group NC_EnvAdmins",
                            "freeform_tags.%": "0",
                            "id": "ocid1.group.oc1..aaaaaaaasvc3nowp4hfgsutad4e333zgqjoawobvs27idvfb7x3xoajt623q",
                            "name": "Test_NC_EnvAdmins",
                            "state": "ACTIVE",
                            "time_created": "2019-02-13 12:22:22.322 +0000 UTC"
                        },
                        "meta": {
                            "e2bfb730-ecaa-11e6-8f88-34363bc7c4c0": {
                                "create": 900000000000,
                                "delete": 900000000000,
                                "update": 900000000000
                            }
                        },
                        "tainted": false
                    },
                    "deposed": [],
                    "provider": "provider.oci"
                },
                "oci_identity_group.test_group.3": {
                    "type": "oci_identity_group",
                    "depends_on": [],
                    "primary": {
                        "id": "ocid1.group.oc1..aaaaaaaafmsulqadiveceqdner2ippjxktrg7j3oi6zl6hnubiqfts6c2jba",
                        "attributes": {
                            "compartment_id": "ocid1.tenancy.oc1..aaaaaaaayatoimpt7mrivhahmvrukyrramonxanmwiyciihnvojorcn7p5ea",
                            "defined_tags.%": "1",
                            "defined_tags.netcloud01.GPCode": "NC.ENG.IT.VPN.TEST",
                            "description": "Test_NC_Testers IAM Group NC_Testers",
                            "freeform_tags.%": "0",
                            "id": "ocid1.group.oc1..aaaaaaaafmsulqadiveceqdner2ippjxktrg7j3oi6zl6hnubiqfts6c2jba",
                            "name": "Test_NC_Testers",
                            "state": "ACTIVE",
                            "time_created": "2019-02-13 12:22:22.391 +0000 UTC"
                        },
                        "meta": {
                            "e2bfb730-ecaa-11e6-8f88-34363bc7c4c0": {
                                "create": 900000000000,
                                "delete": 900000000000,
                                "update": 900000000000
                            }
                        },
                        "tainted": false
                    },
                    "deposed": [],
                    "provider": "provider.oci"
                }
            },
            "depends_on": []
        }
    ]
}
